
Microsoft Visual Studio Solution File, Format Version 12.00
# Visual Studio Version 17
VisualStudioVersion = 17.7.34024.191
MinimumVisualStudioVersion = 10.0.40219.1
Project("{FAE04EC0-301F-11D3-BF4B-00C04F79EFBC}") = "ConsoleApp3", "ConsoleApp3\ConsoleApp3.csproj", "{2039F455-4283-4B21-A6E5-238807571EA9}"
EndProject
Global
	GlobalSection(SolutionConfigurationPlatforms) = preSolution
		Debug|Any CPU = Debug|Any CPU
		Release|Any CPU = Release|Any CPU
	EndGlobalSection
	GlobalSection(ProjectConfigurationPlatforms) = postSolution
		{2039F455-4283-4B21-A6E5-238807571EA9}.Debug|Any CPU.ActiveCfg = Debug|Any CPU
		{2039F455-4283-4B21-A6E5-238807571EA9}.Debug|Any CPU.Build.0 = Debug|Any CPU
		{2039F455-4283-4B21-A6E5-238807571EA9}.Release|Any CPU.ActiveCfg = Release|Any CPU
		{2039F455-4283-4B21-A6E5-238807571EA9}.Release|Any CPU.Build.0 = Release|Any CPU
	EndGlobalSection
	GlobalSection(SolutionProperties) = preSolution
		HideSolutionNode = FALSE
	EndGlobalSection
	GlobalSection(ExtensibilityGlobals) = postSolution
		SolutionGuid = {6DF9319E-74A3-42CA-9F92-4613FFFA4434}
	EndGlobalSection
EndGlobal
